// !$*UTF8*$!
{
	archiveVersion = 1;
	classes = {
	};
	objectVersion = 46;
	objects = {

/* Begin PBXBuildFile section */
		BB0DA8011D112C0C00EB1753 /* GameScene2.sks in Resources */ = {isa = PBXBuildFile; fileRef = BB0DA8001D112C0C00EB1753 /* GameScene2.sks */; };
		BB0DA8031D113E4400EB1753 /* BMgermar.TTF in Resources */ = {isa = PBXBuildFile; fileRef = BB0DA8021D113E4400EB1753 /* BMgermar.TTF */; };
		BB218ED11D1AF534005C0FD3 /* collect_something.caf in Resources */ = {isa = PBXBuildFile; fileRef = BB218ECE1D1AF534005C0FD3 /* collect_something.caf */; };
		BB218ED21D1AF534005C0FD3 /* endgame.mp3 in Resources */ = {isa = PBXBuildFile; fileRef = BB218ECF1D1AF534005C0FD3 /* endgame.mp3 */; };
		BB218ED31D1AF534005C0FD3 /* levelsound.mp3 in Resources */ = {isa = PBXBuildFile; fileRef = BB218ED01D1AF534005C0FD3 /* levelsound.mp3 */; };
		BB27415F1D0D30390015F624 /* Boundary.swift in Sources */ = {isa = PBXBuildFile; fileRef = BB27415E1D0D30390015F624 /* Boundary.swift */; };
		BB2741611D0D3C440015F624 /* Maze.tmx in Resources */ = {isa = PBXBuildFile; fileRef = BB2741601D0D3C440015F624 /* Maze.tmx */; };
		BB2741631D0F59350015F624 /* Star.swift in Sources */ = {isa = PBXBuildFile; fileRef = BB2741621D0F59350015F624 /* Star.swift */; };
		BB2741651D10C69A0015F624 /* Enemy.swift in Sources */ = {isa = PBXBuildFile; fileRef = BB2741641D10C69A0015F624 /* Enemy.swift */; };
		BB2741671D11133D0015F624 /* GameData.plist in Resources */ = {isa = PBXBuildFile; fileRef = BB2741661D11133D0015F624 /* GameData.plist */; };
		BB2B97C71D0A857D00147D72 /* AppDelegate.swift in Sources */ = {isa = PBXBuildFile; fileRef = BB2B97C61D0A857D00147D72 /* AppDelegate.swift */; };
		BB2B97C91D0A857D00147D72 /* GameScene.sks in Resources */ = {isa = PBXBuildFile; fileRef = BB2B97C81D0A857D00147D72 /* GameScene.sks */; };
		BB2B97CB1D0A857D00147D72 /* GameScene.swift in Sources */ = {isa = PBXBuildFile; fileRef = BB2B97CA1D0A857D00147D72 /* GameScene.swift */; };
		BB2B97CD1D0A857D00147D72 /* GameViewController.swift in Sources */ = {isa = PBXBuildFile; fileRef = BB2B97CC1D0A857D00147D72 /* GameViewController.swift */; };
		BB2B97D01D0A857D00147D72 /* Main.storyboard in Resources */ = {isa = PBXBuildFile; fileRef = BB2B97CE1D0A857D00147D72 /* Main.storyboard */; };
		BB2B97D21D0A857D00147D72 /* Assets.xcassets in Resources */ = {isa = PBXBuildFile; fileRef = BB2B97D11D0A857D00147D72 /* Assets.xcassets */; };
		BB2B97D51D0A857D00147D72 /* LaunchScreen.storyboard in Resources */ = {isa = PBXBuildFile; fileRef = BB2B97D31D0A857D00147D72 /* LaunchScreen.storyboard */; };
		BB2B97E01D0A857D00147D72 /* MazeGameTests.swift in Sources */ = {isa = PBXBuildFile; fileRef = BB2B97DF1D0A857D00147D72 /* MazeGameTests.swift */; };
		BB2B97EB1D0A857D00147D72 /* MazeGameUITests.swift in Sources */ = {isa = PBXBuildFile; fileRef = BB2B97EA1D0A857D00147D72 /* MazeGameUITests.swift */; };
		BB2B97F91D0A865B00147D72 /* moving.atlas in Resources */ = {isa = PBXBuildFile; fileRef = BB2B97F81D0A865B00147D72 /* moving.atlas */; };
		BB2B97FC1D0A8FA200147D72 /* Hero.swift in Sources */ = {isa = PBXBuildFile; fileRef = BB2B97FB1D0A8FA200147D72 /* Hero.swift */; };
/* End PBXBuildFile section */

/* Begin PBXContainerItemProxy section */
		BB2B97DC1D0A857D00147D72 /* PBXContainerItemProxy */ = {
			isa = PBXContainerItemProxy;
			containerPortal = BB2B97BB1D0A857D00147D72 /* Project object */;
			proxyType = 1;
			remoteGlobalIDString = BB2B97C21D0A857D00147D72;
			remoteInfo = MazeGame;
		};
		BB2B97E71D0A857D00147D72 /* PBXContainerItemProxy */ = {
			isa = PBXContainerItemProxy;
			containerPortal = BB2B97BB1D0A857D00147D72 /* Project object */;
			proxyType = 1;
			remoteGlobalIDString = BB2B97C21D0A857D00147D72;
			remoteInfo = MazeGame;
		};
/* End PBXContainerItemProxy section */

/* Begin PBXFileReference section */
		BB0DA8001D112C0C00EB1753 /* GameScene2.sks */ = {isa = PBXFileReference; lastKnownFileType = file.sks; path = GameScene2.sks; sourceTree = "<group>"; };
		BB0DA8021D113E4400EB1753 /* BMgermar.TTF */ = {isa = PBXFileReference; lastKnownFileType = file; path = BMgermar.TTF; sourceTree = "<group>"; };
		BB218ECE1D1AF534005C0FD3 /* collect_something.caf */ = {isa = PBXFileReference; lastKnownFileType = file; path = collect_something.caf; sourceTree = "<group>"; };
		BB218ECF1D1AF534005C0FD3 /* endgame.mp3 */ = {isa = PBXFileReference; lastKnownFileType = audio.mp3; path = endgame.mp3; sourceTree = "<group>"; };
		BB218ED01D1AF534005C0FD3 /* levelsound.mp3 */ = {isa = PBXFileReference; lastKnownFileType = audio.mp3; path = levelsound.mp3; sourceTree = "<group>"; };
		BB27415E1D0D30390015F624 /* Boundary.swift */ = {isa = PBXFileReference; fileEncoding = 4; lastKnownFileType = sourcecode.swift; path = Boundary.swift; sourceTree = "<group>"; };
		BB2741601D0D3C440015F624 /* Maze.tmx */ = {isa = PBXFileReference; fileEncoding = 4; lastKnownFileType = text.xml; path = Maze.tmx; sourceTree = "<group>"; };
		BB2741621D0F59350015F624 /* Star.swift */ = {isa = PBXFileReference; fileEncoding = 4; lastKnownFileType = sourcecode.swift; path = Star.swift; sourceTree = "<group>"; };
		BB2741641D10C69A0015F624 /* Enemy.swift */ = {isa = PBXFileReference; fileEncoding = 4; lastKnownFileType = sourcecode.swift; path = Enemy.swift; sourceTree = "<group>"; };
		BB2741661D11133D0015F624 /* GameData.plist */ = {isa = PBXFileReference; fileEncoding = 4; lastKnownFileType = text.plist.xml; path = GameData.plist; sourceTree = "<group>"; };
		BB2B97C31D0A857D00147D72 /* MazeGame.app */ = {isa = PBXFileReference; explicitFileType = wrapper.application; includeInIndex = 0; path = MazeGame.app; sourceTree = BUILT_PRODUCTS_DIR; };
		BB2B97C61D0A857D00147D72 /* AppDelegate.swift */ = {isa = PBXFileReference; lastKnownFileType = sourcecode.swift; path = AppDelegate.swift; sourceTree = "<group>"; };
		BB2B97C81D0A857D00147D72 /* GameScene.sks */ = {isa = PBXFileReference; lastKnownFileType = file.sks; path = GameScene.sks; sourceTree = "<group>"; };
		BB2B97CA1D0A857D00147D72 /* GameScene.swift */ = {isa = PBXFileReference; lastKnownFileType = sourcecode.swift; path = GameScene.swift; sourceTree = "<group>"; };
		BB2B97CC1D0A857D00147D72 /* GameViewController.swift */ = {isa = PBXFileReference; lastKnownFileType = sourcecode.swift; path = GameViewController.swift; sourceTree = "<group>"; };
		BB2B97CF1D0A857D00147D72 /* Base */ = {isa = PBXFileReference; lastKnownFileType = file.storyboard; name = Base; path = Base.lproj/Main.storyboard; sourceTree = "<group>"; };
		BB2B97D11D0A857D00147D72 /* Assets.xcassets */ = {isa = PBXFileReference; lastKnownFileType = folder.assetcatalog; path = Assets.xcassets; sourceTree = "<group>"; };
		BB2B97D41D0A857D00147D72 /* Base */ = {isa = PBXFileReference; lastKnownFileType = file.storyboard; name = Base; path = Base.lproj/LaunchScreen.storyboard; sourceTree = "<group>"; };
		BB2B97D61D0A857D00147D72 /* Info.plist */ = {isa = PBXFileReference; lastKnownFileType = text.plist.xml; path = Info.plist; sourceTree = "<group>"; };
		BB2B97DB1D0A857D00147D72 /* MazeGameTests.xctest */ = {isa = PBXFileReference; explicitFileType = wrapper.cfbundle; includeInIndex = 0; path = MazeGameTests.xctest; sourceTree = BUILT_PRODUCTS_DIR; };
		BB2B97DF1D0A857D00147D72 /* MazeGameTests.swift */ = {isa = PBXFileReference; lastKnownFileType = sourcecode.swift; path = MazeGameTests.swift; sourceTree = "<group>"; };
		BB2B97E11D0A857D00147D72 /* Info.plist */ = {isa = PBXFileReference; lastKnownFileType = text.plist.xml; path = Info.plist; sourceTree = "<group>"; };
		BB2B97E61D0A857D00147D72 /* MazeGameUITests.xctest */ = {isa = PBXFileReference; explicitFileType = wrapper.cfbundle; includeInIndex = 0; path = MazeGameUITests.xctest; sourceTree = BUILT_PRODUCTS_DIR; };
		BB2B97EA1D0A857D00147D72 /* MazeGameUITests.swift */ = {isa = PBXFileReference; lastKnownFileType = sourcecode.swift; path = MazeGameUITests.swift; sourceTree = "<group>"; };
		BB2B97EC1D0A857D00147D72 /* Info.plist */ = {isa = PBXFileReference; lastKnownFileType = text.plist.xml; path = Info.plist; sourceTree = "<group>"; };
		BB2B97F81D0A865B00147D72 /* moving.atlas */ = {isa = PBXFileReference; lastKnownFileType = folder.skatlas; path = moving.atlas; sourceTree = "<group>"; };
		BB2B97FB1D0A8FA200147D72 /* Hero.swift */ = {isa = PBXFileReference; fileEncoding = 4; lastKnownFileType = sourcecode.swift; path = Hero.swift; sourceTree = "<group>"; };
/* End PBXFileReference section */

/* Begin PBXFrameworksBuildPhase section */
		BB2B97C01D0A857D00147D72 /* Frameworks */ = {
			isa = PBXFrameworksBuildPhase;
			buildActionMask = 2147483647;
			files = (
			);
			runOnlyForDeploymentPostprocessing = 0;
		};
		BB2B97D81D0A857D00147D72 /* Frameworks */ = {
			isa = PBXFrameworksBuildPhase;
			buildActionMask = 2147483647;
			files = (
			);
			runOnlyForDeploymentPostprocessing = 0;
		};
		BB2B97E31D0A857D00147D72 /* Frameworks */ = {
			isa = PBXFrameworksBuildPhase;
			buildActionMask = 2147483647;
			files = (
			);
			runOnlyForDeploymentPostprocessing = 0;
		};
/* End PBXFrameworksBuildPhase section */

/* Begin PBXGroup section */
		BB0DA8041D113E6100EB1753 /* SupportingFiles */ = {
			isa = PBXGroup;
			children = (
				BB0DA8021D113E4400EB1753 /* BMgermar.TTF */,
				BB218ECE1D1AF534005C0FD3 /* collect_something.caf */,
				BB218ECF1D1AF534005C0FD3 /* endgame.mp3 */,
				BB218ED01D1AF534005C0FD3 /* levelsound.mp3 */,
				BB2B97D61D0A857D00147D72 /* Info.plist */,
			);
			name = SupportingFiles;
			sourceTree = "<group>";
		};
		BB2B97BA1D0A857D00147D72 = {
			isa = PBXGroup;
			children = (
				BB2B97C51D0A857D00147D72 /* MazeGame */,
				BB2B97DE1D0A857D00147D72 /* MazeGameTests */,
				BB2B97E91D0A857D00147D72 /* MazeGameUITests */,
				BB2B97C41D0A857D00147D72 /* Products */,
			);
			sourceTree = "<group>";
		};
		BB2B97C41D0A857D00147D72 /* Products */ = {
			isa = PBXGroup;
			children = (
				BB2B97C31D0A857D00147D72 /* MazeGame.app */,
				BB2B97DB1D0A857D00147D72 /* MazeGameTests.xctest */,
				BB2B97E61D0A857D00147D72 /* MazeGameUITests.xctest */,
			);
			name = Products;
			sourceTree = "<group>";
		};
		BB2B97C51D0A857D00147D72 /* MazeGame */ = {
			isa = PBXGroup;
			children = (
				BB2B97C61D0A857D00147D72 /* AppDelegate.swift */,
				BB2B97C81D0A857D00147D72 /* GameScene.sks */,
				BB0DA8001D112C0C00EB1753 /* GameScene2.sks */,
				BB2741661D11133D0015F624 /* GameData.plist */,
				BB2B97CA1D0A857D00147D72 /* GameScene.swift */,
				BB2741641D10C69A0015F624 /* Enemy.swift */,
				BB2741621D0F59350015F624 /* Star.swift */,
				BB2B97FB1D0A8FA200147D72 /* Hero.swift */,
				BB27415E1D0D30390015F624 /* Boundary.swift */,
				BB2B97CC1D0A857D00147D72 /* GameViewController.swift */,
				BB2B97CE1D0A857D00147D72 /* Main.storyboard */,
				BB2741601D0D3C440015F624 /* Maze.tmx */,
				BB2B97D11D0A857D00147D72 /* Assets.xcassets */,
				BB2B97D31D0A857D00147D72 /* LaunchScreen.storyboard */,
				BB0DA8041D113E6100EB1753 /* SupportingFiles */,
				BB2B97FA1D0A866900147D72 /* Texture_Atlases */,
			);
			path = MazeGame;
			sourceTree = "<group>";
		};
		BB2B97DE1D0A857D00147D72 /* MazeGameTests */ = {
			isa = PBXGroup;
			children = (
				BB2B97DF1D0A857D00147D72 /* MazeGameTests.swift */,
				BB2B97E11D0A857D00147D72 /* Info.plist */,
			);
			path = MazeGameTests;
			sourceTree = "<group>";
		};
		BB2B97E91D0A857D00147D72 /* MazeGameUITests */ = {
			isa = PBXGroup;
			children = (
				BB2B97EA1D0A857D00147D72 /* MazeGameUITests.swift */,
				BB2B97EC1D0A857D00147D72 /* Info.plist */,
			);
			path = MazeGameUITests;
			sourceTree = "<group>";
		};
		BB2B97FA1D0A866900147D72 /* Texture_Atlases */ = {
			isa = PBXGroup;
			children = (
				BB2B97F81D0A865B00147D72 /* moving.atlas */,
			);
			name = Texture_Atlases;
			sourceTree = "<group>";
		};
/* End PBXGroup section */

/* Begin PBXNativeTarget section */
		BB2B97C21D0A857D00147D72 /* MazeGame */ = {
			isa = PBXNativeTarget;
			buildConfigurationList = BB2B97EF1D0A857D00147D72 /* Build configuration list for PBXNativeTarget "MazeGame" */;
			buildPhases = (
				BB2B97BF1D0A857D00147D72 /* Sources */,
				BB2B97C01D0A857D00147D72 /* Frameworks */,
				BB2B97C11D0A857D00147D72 /* Resources */,
			);
			buildRules = (
			);
			dependencies = (
			);
			name = MazeGame;
			productName = MazeGame;
			productReference = BB2B97C31D0A857D00147D72 /* MazeGame.app */;
			productType = "com.apple.product-type.application";
		};
		BB2B97DA1D0A857D00147D72 /* MazeGameTests */ = {
			isa = PBXNativeTarget;
			buildConfigurationList = BB2B97F21D0A857D00147D72 /* Build configuration list for PBXNativeTarget "MazeGameTests" */;
			buildPhases = (
				BB2B97D71D0A857D00147D72 /* Sources */,
				BB2B97D81D0A857D00147D72 /* Frameworks */,
				BB2B97D91D0A857D00147D72 /* Resources */,
			);
			buildRules = (
			);
			dependencies = (
				BB2B97DD1D0A857D00147D72 /* PBXTargetDependency */,
			);
			name = MazeGameTests;
			productName = MazeGameTests;
			productReference = BB2B97DB1D0A857D00147D72 /* MazeGameTests.xctest */;
			productType = "com.apple.product-type.bundle.unit-test";
		};
		BB2B97E51D0A857D00147D72 /* MazeGameUITests */ = {
			isa = PBXNativeTarget;
			buildConfigurationList = BB2B97F51D0A857D00147D72 /* Build configuration list for PBXNativeTarget "MazeGameUITests" */;
			buildPhases = (
				BB2B97E21D0A857D00147D72 /* Sources */,
				BB2B97E31D0A857D00147D72 /* Frameworks */,
				BB2B97E41D0A857D00147D72 /* Resources */,
			);
			buildRules = (
			);
			dependencies = (
				BB2B97E81D0A857D00147D72 /* PBXTargetDependency */,
			);
			name = MazeGameUITests;
			productName = MazeGameUITests;
			productReference = BB2B97E61D0A857D00147D72 /* MazeGameUITests.xctest */;
			productType = "com.apple.product-type.bundle.ui-testing";
		};
/* End PBXNativeTarget section */

/* Begin PBXProject section */
		BB2B97BB1D0A857D00147D72 /* Project object */ = {
			isa = PBXProject;
			attributes = {
				LastSwiftUpdateCheck = 0730;
				LastUpgradeCheck = 0730;
				ORGANIZATIONNAME = PaperDo;
				TargetAttributes = {
					BB2B97C21D0A857D00147D72 = {
						CreatedOnToolsVersion = 7.3.1;
						DevelopmentTeam = A9QYVHRXNB;
					};
					BB2B97DA1D0A857D00147D72 = {
						CreatedOnToolsVersion = 7.3.1;
						TestTargetID = BB2B97C21D0A857D00147D72;
					};
					BB2B97E51D0A857D00147D72 = {
						CreatedOnToolsVersion = 7.3.1;
						TestTargetID = BB2B97C21D0A857D00147D72;
					};
				};
			};
			buildConfigurationList = BB2B97BE1D0A857D00147D72 /* Build configuration list for PBXProject "MazeGame" */;
			compatibilityVersion = "Xcode 3.2";
			developmentRegion = English;
			hasScannedForEncodings = 0;
			knownRegions = (
				en,
				Base,
			);
			mainGroup = BB2B97BA1D0A857D00147D72;
			productRefGroup = BB2B97C41D0A857D00147D72 /* Products */;
			projectDirPath = "";
			projectRoot = "";
			targets = (
				BB2B97C21D0A857D00147D72 /* MazeGame */,
				BB2B97DA1D0A857D00147D72 /* MazeGameTests */,
				BB2B97E51D0A857D00147D72 /* MazeGameUITests */,
			);
		};
/* End PBXProject section */

/* Begin PBXResourcesBuildPhase section */
		BB2B97C11D0A857D00147D72 /* Resources */ = {
			isa = PBXResourcesBuildPhase;
			buildActionMask = 2147483647;
			files = (
				BB2B97C91D0A857D00147D72 /* GameScene.sks in Resources */,
				BB2B97D51D0A857D00147D72 /* LaunchScreen.storyboard in Resources */,
				BB218ED11D1AF534005C0FD3 /* collect_something.caf in Resources */,
				BB218ED21D1AF534005C0FD3 /* endgame.mp3 in Resources */,
				BB2741611D0D3C440015F624 /* Maze.tmx in Resources */,
				BB218ED31D1AF534005C0FD3 /* levelsound.mp3 in Resources */,
				BB2B97D21D0A857D00147D72 /* Assets.xcassets in Resources */,
				BB2741671D11133D0015F624 /* GameData.plist in Resources */,
				BB2B97F91D0A865B00147D72 /* moving.atlas in Resources */,
				BB2B97D01D0A857D00147D72 /* Main.storyboard in Resources */,
				BB0DA8011D112C0C00EB1753 /* GameScene2.sks in Resources */,
				BB0DA8031D113E4400EB1753 /* BMgermar.TTF in Resources */,
			);
			runOnlyForDeploymentPostprocessing = 0;
		};
		BB2B97D91D0A857D00147D72 /* Resources */ = {
			isa = PBXResourcesBuildPhase;
			buildActionMask = 2147483647;
			files = (
			);
			runOnlyForDeploymentPostprocessing = 0;
		};
		BB2B97E41D0A857D00147D72 /* Resources */ = {
			isa = PBXResourcesBuildPhase;
			buildActionMask = 2147483647;
			files = (
			);
			runOnlyForDeploymentPostprocessing = 0;
		};
/* End PBXResourcesBuildPhase section */

/* Begin PBXSourcesBuildPhase section */
		BB2B97BF1D0A857D00147D72 /* Sources */ = {
			isa = PBXSourcesBuildPhase;
			buildActionMask = 2147483647;
			files = (
				BB2741651D10C69A0015F624 /* Enemy.swift in Sources */,
				BB2B97CB1D0A857D00147D72 /* GameScene.swift in Sources */,
				BB2B97CD1D0A857D00147D72 /* GameViewController.swift in Sources */,
				BB2B97C71D0A857D00147D72 /* AppDelegate.swift in Sources */,
				BB2741631D0F59350015F624 /* Star.swift in Sources */,
				BB2B97FC1D0A8FA200147D72 /* Hero.swift in Sources */,
				BB27415F1D0D30390015F624 /* Boundary.swift in Sources */,
			);
			runOnlyForDeploymentPostprocessing = 0;
		};
		BB2B97D71D0A857D00147D72 /* Sources */ = {
			isa = PBXSourcesBuildPhase;
			buildActionMask = 2147483647;
			files = (
				BB2B97E01D0A857D00147D72 /* MazeGameTests.swift in Sources */,
			);
			runOnlyForDeploymentPostprocessing = 0;
		};
		BB2B97E21D0A857D00147D72 /* Sources */ = {
			isa = PBXSourcesBuildPhase;
			buildActionMask = 2147483647;
			files = (
				BB2B97EB1D0A857D00147D72 /* MazeGameUITests.swift in Sources */,
			);
			runOnlyForDeploymentPostprocessing = 0;
		};
/* End PBXSourcesBuildPhase section */

/* Begin PBXTargetDependency section */
		BB2B97DD1D0A857D00147D72 /* PBXTargetDependency */ = {
			isa = PBXTargetDependency;
			target = BB2B97C21D0A857D00147D72 /* MazeGame */;
			targetProxy = BB2B97DC1D0A857D00147D72 /* PBXContainerItemProxy */;
		};
		BB2B97E81D0A857D00147D72 /* PBXTargetDependency */ = {
			isa = PBXTargetDependency;
			target = BB2B97C21D0A857D00147D72 /* MazeGame */;
			targetProxy = BB2B97E71D0A857D00147D72 /* PBXContainerItemProxy */;
		};
/* End PBXTargetDependency section */

/* Begin PBXVariantGroup section */
		BB2B97CE1D0A857D00147D72 /* Main.storyboard */ = {
			isa = PBXVariantGroup;
			children = (
				BB2B97CF1D0A857D00147D72 /* Base */,
			);
			name = Main.storyboard;
			sourceTree = "<group>";
		};
		BB2B97D31D0A857D00147D72 /* LaunchScreen.storyboard */ = {
			isa = PBXVariantGroup;
			children = (
				BB2B97D41D0A857D00147D72 /* Base */,
			);
			name = LaunchScreen.storyboard;
			sourceTree = "<group>";
		};
/* End PBXVariantGroup section */

/* Begin XCBuildConfiguration section */
		BB2B97ED1D0A857D00147D72 /* Debug */ = {
			isa = XCBuildConfiguration;
			buildSettings = {
				ALWAYS_SEARCH_USER_PATHS = NO;
				CLANG_ANALYZER_NONNULL = YES;
				CLANG_CXX_LANGUAGE_STANDARD = "gnu++0x";
				CLANG_CXX_LIBRARY = "libc++";
				CLANG_ENABLE_MODULES = YES;
				CLANG_ENABLE_OBJC_ARC = YES;
				CLANG_WARN_BOOL_CONVERSION = YES;
				CLANG_WARN_CONSTANT_CONVERSION = YES;
				CLANG_WARN_DIRECT_OBJC_ISA_USAGE = YES_ERROR;
				CLANG_WARN_EMPTY_BODY = YES;
				CLANG_WARN_ENUM_CONVERSION = YES;
				CLANG_WARN_INT_CONVERSION = YES;
				CLANG_WARN_OBJC_ROOT_CLASS = YES_ERROR;
				CLANG_WARN_UNREACHABLE_CODE = YES;
				CLANG_WARN__DUPLICATE_METHOD_MATCH = YES;
				"CODE_SIGN_IDENTITY[sdk=iphoneos*]" = "iPhone Developer";
				COPY_PHASE_STRIP = NO;
				DEBUG_INFORMATION_FORMAT = "dwarf-with-dsym";
				ENABLE_STRICT_OBJC_MSGSEND = YES;
				ENABLE_TESTABILITY = YES;
				GCC_C_LANGUAGE_STANDARD = gnu99;
				GCC_DYNAMIC_NO_PIC = NO;
				GCC_NO_COMMON_BLOCKS = YES;
				GCC_OPTIMIZATION_LEVEL = 0;
				GCC_PREPROCESSOR_DEFINITIONS = (
					"DEBUG=1",
					"$(inherited)",
				);
				GCC_WARN_64_TO_32_BIT_CONVERSION = YES;
				GCC_WARN_ABOUT_RETURN_TYPE = YES_ERROR;
				GCC_WARN_UNDECLARED_SELECTOR = YES;
				GCC_WARN_UNINITIALIZED_AUTOS = YES_AGGRESSIVE;
				GCC_WARN_UNUSED_FUNCTION = YES;
				GCC_WARN_UNUSED_VARIABLE = YES;
				IPHONEOS_DEPLOYMENT_TARGET = 9.3;
				MTL_ENABLE_DEBUG_INFO = YES;
				ONLY_ACTIVE_ARCH = YES;
				SDKROOT = iphoneos;
				SWIFT_OPTIMIZATION_LEVEL = "-Onone";
				TARGETED_DEVICE_FAMILY = "1,2";
			};
			name = Debug;
		};
		BB2B97EE1D0A857D00147D72 /* Release */ = {
			isa = XCBuildConfiguration;
			buildSettings = {
				ALWAYS_SEARCH_USER_PATHS = NO;
				CLANG_ANALYZER_NONNULL = YES;
				CLANG_CXX_LANGUAGE_STANDARD = "gnu++0x";
				CLANG_CXX_LIBRARY = "libc++";
				CLANG_ENABLE_MODULES = YES;
				CLANG_ENABLE_OBJC_ARC = YES;
				CLANG_WARN_BOOL_CONVERSION = YES;
				CLANG_WARN_CONSTANT_CONVERSION = YES;
				CLANG_WARN_DIRECT_OBJC_ISA_USAGE = YES_ERROR;
				CLANG_WARN_EMPTY_BODY = YES;
				CLANG_WARN_ENUM_CONVERSION = YES;
				CLANG_WARN_INT_CONVERSION = YES;
				CLANG_WARN_OBJC_ROOT_CLASS = YES_ERROR;
				CLANG_WARN_UNREACHABLE_CODE = YES;
				CLANG_WARN__DUPLICATE_METHOD_MATCH = YES;
				"CODE_SIGN_IDENTITY[sdk=iphoneos*]" = "iPhone Developer";
				COPY_PHASE_STRIP = NO;
				DEBUG_INFORMATION_FORMAT = "dwarf-with-dsym";
				ENABLE_NS_ASSERTIONS = NO;
				ENABLE_STRICT_OBJC_MSGSEND = YES;
				GCC_C_LANGUAGE_STANDARD = gnu99;
				GCC_NO_COMMON_BLOCKS = YES;
				GCC_WARN_64_TO_32_BIT_CONVERSION = YES;
				GCC_WARN_ABOUT_RETURN_TYPE = YES_ERROR;
				GCC_WARN_UNDECLARED_SELECTOR = YES;
				GCC_WARN_UNINITIALIZED_AUTOS = YES_AGGRESSIVE;
				GCC_WARN_UNUSED_FUNCTION = YES;
				GCC_WARN_UNUSED_VARIABLE = YES;
				IPHONEOS_DEPLOYMENT_TARGET = 9.3;
				MTL_ENABLE_DEBUG_INFO = NO;
				SDKROOT = iphoneos;
				TARGETED_DEVICE_FAMILY = "1,2";
				VALIDATE_PRODUCT = YES;
			};
			name = Release;
		};
		BB2B97F01D0A857D00147D72 /* Debug */ = {
			isa = XCBuildConfiguration;
			buildSettings = {
				ASSETCATALOG_COMPILER_APPICON_NAME = AppIcon;
				CODE_SIGN_IDENTITY = "iPhone Developer";
				"CODE_SIGN_IDENTITY[sdk=iphoneos*]" = "iPhone Developer";
				INFOPLIST_FILE = MazeGame/Info.plist;
				LD_RUNPATH_SEARCH_PATHS = "$(inherited) @executable_path/Frameworks";
				PRODUCT_BUNDLE_IDENTIFIER = com.paperdo;
				PRODUCT_NAME = "$(TARGET_NAME)";
				PROVISIONING_PROFILE = "";
			};
			name = Debug;
		};
		BB2B97F11D0A857D00147D72 /* Release */ = {
			isa = XCBuildConfiguration;
			buildSettings = {
				ASSETCATALOG_COMPILER_APPICON_NAME = AppIcon;
				CODE_SIGN_IDENTITY = "iPhone Developer";
				"CODE_SIGN_IDENTITY[sdk=iphoneos*]" = "iPhone Developer";
				INFOPLIST_FILE = MazeGame/Info.plist;
				LD_RUNPATH_SEARCH_PATHS = "$(inherited) @executable_path/Frameworks";
				PRODUCT_BUNDLE_IDENTIFIER = com.paperdo;
				PRODUCT_NAME = "$(TARGET_NAME)";
				PROVISIONING_PROFILE = "";
			};
			name = Release;
		};
		BB2B97F31D0A857D00147D72 /* Debug */ = {
			isa = XCBuildConfiguration;
			buildSettings = {
				BUNDLE_LOADER = "$(TEST_HOST)";
				DEBUG_INFORMATION_FORMAT = dwarf;
				INFOPLIST_FILE = MazeGameTests/Info.plist;
				LD_RUNPATH_SEARCH_PATHS = "$(inherited) @executable_path/Frameworks @loader_path/Frameworks";
				PRODUCT_BUNDLE_IDENTIFIER = com.paperdo.MazeGameTests;
				PRODUCT_NAME = "$(TARGET_NAME)";
				TEST_HOST = "$(BUILT_PRODUCTS_DIR)/MazeGame.app/MazeGame";
			};
			name = Debug;
		};
		BB2B97F41D0A857D00147D72 /* Release */ = {
			isa = XCBuildConfiguration;
			buildSettings = {
				BUNDLE_LOADER = "$(TEST_HOST)";
				INFOPLIST_FILE = MazeGameTests/Info.plist;
				LD_RUNPATH_SEARCH_PATHS = "$(inherited) @executable_path/Frameworks @loader_path/Frameworks";
				PRODUCT_BUNDLE_IDENTIFIER = com.paperdo.MazeGameTests;
				PRODUCT_NAME = "$(TARGET_NAME)";
				TEST_HOST = "$(BUILT_PRODUCTS_DIR)/MazeGame.app/MazeGame";
			};
			name = Release;
		};
		BB2B97F61D0A857D00147D72 /* Debug */ = {
			isa = XCBuildConfiguration;
			buildSettings = {
				DEBUG_INFORMATION_FORMAT = dwarf;
				INFOPLIST_FILE = MazeGameUITests/Info.plist;
				LD_RUNPATH_SEARCH_PATHS = "$(inherited) @executable_path/Frameworks @loader_path/Frameworks";
				PRODUCT_BUNDLE_IDENTIFIER = com.paperdo.MazeGameUITests;
				PRODUCT_NAME = "$(TARGET_NAME)";
				TEST_TARGET_NAME = MazeGame;
			};
			name = Debug;
		};
		BB2B97F71D0A857D00147D72 /* Release */ = {
			isa = XCBuildConfiguration;
			buildSettings = {
				INFOPLIST_FILE = MazeGameUITests/Info.plist;
				LD_RUNPATH_SEARCH_PATHS = "$(inherited) @executable_path/Frameworks @loader_path/Frameworks";
				PRODUCT_BUNDLE_IDENTIFIER = com.paperdo.MazeGameUITests;
				PRODUCT_NAME = "$(TARGET_NAME)";
				TEST_TARGET_NAME = MazeGame;
			};
			name = Release;
		};
/* End XCBuildConfiguration section */

/* Begin XCConfigurationList section */
		BB2B97BE1D0A857D00147D72 /* Build configuration list for PBXProject "MazeGame" */ = {
			isa = XCConfigurationList;
			buildConfigurations = (
				BB2B97ED1D0A857D00147D72 /* Debug */,
				BB2B97EE1D0A857D00147D72 /* Release */,
			);
			defaultConfigurationIsVisible = 0;
			defaultConfigurationName = Release;
		};
		BB2B97EF1D0A857D00147D72 /* Build configuration list for PBXNativeTarget "MazeGame" */ = {
			isa = XCConfigurationList;
			buildConfigurations = (
				BB2B97F01D0A857D00147D72 /* Debug */,
				BB2B97F11D0A857D00147D72 /* Release */,
			);
			defaultConfigurationIsVisible = 0;
			defaultConfigurationName = Release;
		};
		BB2B97F21D0A857D00147D72 /* Build configuration list for PBXNativeTarget "MazeGameTests" */ = {
			isa = XCConfigurationList;
			buildConfigurations = (
				BB2B97F31D0A857D00147D72 /* Debug */,
				BB2B97F41D0A857D00147D72 /* Release */,
			);
			defaultConfigurationIsVisible = 0;
			defaultConfigurationName = Release;
		};
		BB2B97F51D0A857D00147D72 /* Build configuration list for PBXNativeTarget "MazeGameUITests" */ = {
			isa = XCConfigurationList;
			buildConfigurations = (
				BB2B97F61D0A857D00147D72 /* Debug */,
				BB2B97F71D0A857D00147D72 /* Release */,
			);
			defaultConfigurationIsVisible = 0;
			defaultConfigurationName = Release;
		};
/* End XCConfigurationList section */
	};
	rootObject = BB2B97BB1D0A857D00147D72 /* Project object */;
}
